
Microsoft Visual Studio Solution File, Format Version 12.00
# Visual Studio 15
VisualStudioVersion = 15.0.26730.16
MinimumVisualStudioVersion = 10.0.40219.1
Project("{FAE04EC0-301F-11D3-BF4B-00C04F79EFBC}") = "DrawSection", "DrawSection\DrawSection.csproj", "{81C72AB9-A827-44A9-AB8F-3A2B9D96D1A7}"
EndProject
Global
	GlobalSection(SolutionConfigurationPlatforms) = preSolution
		Debug|Any CPU = Debug|Any CPU
		Release|Any CPU = Release|Any CPU
	EndGlobalSection
	GlobalSection(ProjectConfigurationPlatforms) = postSolution
		{81C72AB9-A827-44A9-AB8F-3A2B9D96D1A7}.Debug|Any CPU.ActiveCfg = Debug|Any CPU
		{81C72AB9-A827-44A9-AB8F-3A2B9D96D1A7}.Debug|Any CPU.Build.0 = Debug|Any CPU
		{81C72AB9-A827-44A9-AB8F-3A2B9D96D1A7}.Release|Any CPU.ActiveCfg = Release|Any CPU
		{81C72AB9-A827-44A9-AB8F-3A2B9D96D1A7}.Release|Any CPU.Build.0 = Release|Any CPU
	EndGlobalSection
	GlobalSection(SolutionProperties) = preSolution
		HideSolutionNode = FALSE
	EndGlobalSection
	GlobalSection(ExtensibilityGlobals) = postSolution
		SolutionGuid = {2A99D545-7F93-4A3C-A914-F16FDB3D83F5}
	EndGlobalSection
EndGlobal
